// !$*UTF8*$!
{
	archiveVersion = 1;
	classes = {
	};
	objectVersion = 56;
	objects = {

/* Begin PBXBuildFile section */
		A01234560001 /* GuitarPracticeApp.swift in Sources */ = {isa = PBXBuildFile; fileRef = A01234560011 /* GuitarPracticeApp.swift */; };
		A01234560002 /* ContentView.swift in Sources */ = {isa = PBXBuildFile; fileRef = A01234560012 /* ContentView.swift */; };
		A01234560003 /* Assets.xcassets in Resources */ = {isa = PBXBuildFile; fileRef = A01234560013 /* Assets.xcassets */; };
		A01234560004 /* Types.swift in Sources */ = {isa = PBXBuildFile; fileRef = A01234560015 /* Types.swift */; };
		A01234560005 /* AppState.swift in Sources */ = {isa = PBXBuildFile; fileRef = A01234560016 /* AppState.swift */; };
		A01234560006 /* Config.swift in Sources */ = {isa = PBXBuildFile; fileRef = A01234560017 /* Config.swift */; };
		A01234560007 /* KeychainService.swift in Sources */ = {isa = PBXBuildFile; fileRef = A01234560018 /* KeychainService.swift */; };
		A01234560008 /* NotionClient.swift in Sources */ = {isa = PBXBuildFile; fileRef = A01234560019 /* NotionClient.swift */; };
		A01234560009 /* CachedModels.swift in Sources */ = {isa = PBXBuildFile; fileRef = A0123456001A /* CachedModels.swift */; };
		A0123456000A /* CacheService.swift in Sources */ = {isa = PBXBuildFile; fileRef = A0123456001B /* CacheService.swift */; };
		A0123456000B /* StatsService.swift in Sources */ = {isa = PBXBuildFile; fileRef = A0123456001C /* StatsService.swift */; };
		A0123456000C /* PracticeTimerState.swift in Sources */ = {isa = PBXBuildFile; fileRef = A0123456001D /* PracticeTimerState.swift */; };
		B01234560001 /* MainContentView.swift in Sources */ = {isa = PBXBuildFile; fileRef = B01234560011 /* MainContentView.swift */; };
		B01234560002 /* HeaderView.swift in Sources */ = {isa = PBXBuildFile; fileRef = B01234560012 /* HeaderView.swift */; };
		B01234560004 /* LibrarySidebarView.swift in Sources */ = {isa = PBXBuildFile; fileRef = B01234560014 /* LibrarySidebarView.swift */; };
		B01234560005 /* FilterBarView.swift in Sources */ = {isa = PBXBuildFile; fileRef = B01234560015 /* FilterBarView.swift */; };
		B01234560006 /* LibraryListView.swift in Sources */ = {isa = PBXBuildFile; fileRef = B01234560016 /* LibraryListView.swift */; };
		B01234560007 /* LibraryRowView.swift in Sources */ = {isa = PBXBuildFile; fileRef = B01234560017 /* LibraryRowView.swift */; };
		B01234560008 /* SessionPanelView.swift in Sources */ = {isa = PBXBuildFile; fileRef = B01234560018 /* SessionPanelView.swift */; };
		B01234560009 /* CalendarNavigatorView.swift in Sources */ = {isa = PBXBuildFile; fileRef = B01234560019 /* CalendarNavigatorView.swift */; };
		B0123456000A /* SessionDetailView.swift in Sources */ = {isa = PBXBuildFile; fileRef = B0123456001A /* SessionDetailView.swift */; };
		B0123456000B /* SessionViewingModeView.swift in Sources */ = {isa = PBXBuildFile; fileRef = B0123456001B /* SessionViewingModeView.swift */; };
		B0123456000C /* SessionEditingModeView.swift in Sources */ = {isa = PBXBuildFile; fileRef = B0123456001C /* SessionEditingModeView.swift */; };
		B0123456000D /* PracticeView.swift in Sources */ = {isa = PBXBuildFile; fileRef = B0123456001D /* PracticeView.swift */; };
		B0123456000E /* StatsDashboardView.swift in Sources */ = {isa = PBXBuildFile; fileRef = B0123456001E /* StatsDashboardView.swift */; };
		B0123456000F /* SettingsView.swift in Sources */ = {isa = PBXBuildFile; fileRef = B0123456001F /* SettingsView.swift */; };
		B01234560010 /* APIKeySetupView.swift in Sources */ = {isa = PBXBuildFile; fileRef = B01234560020 /* APIKeySetupView.swift */; };
		B01234560021 /* FooterView.swift in Sources */ = {isa = PBXBuildFile; fileRef = B01234560031 /* FooterView.swift */; };
		B01234560022 /* LoadingView.swift in Sources */ = {isa = PBXBuildFile; fileRef = B01234560032 /* LoadingView.swift */; };
		B01234560023 /* ErrorView.swift in Sources */ = {isa = PBXBuildFile; fileRef = B01234560033 /* ErrorView.swift */; };
		B01234560024 /* Skeletons.swift in Sources */ = {isa = PBXBuildFile; fileRef = B01234560034 /* Skeletons.swift */; };
		B01234560025 /* Helpers.swift in Sources */ = {isa = PBXBuildFile; fileRef = B01234560035 /* Helpers.swift */; };
		C01234560001 /* PerformanceTests.swift in Sources */ = {isa = PBXBuildFile; fileRef = C01234560011 /* PerformanceTests.swift */; };
		C01234560002 /* TestHelpers.swift in Sources */ = {isa = PBXBuildFile; fileRef = C01234560012 /* TestHelpers.swift */; };
/* End PBXBuildFile section */

/* Begin PBXContainerItemProxy section */
		C01234560020 /* PBXContainerItemProxy */ = {
			isa = PBXContainerItemProxy;
			containerPortal = A01234560000 /* Project object */;
			proxyType = 1;
			remoteGlobalIDString = A01234560040;
			remoteInfo = GuitarPractice;
		};
/* End PBXContainerItemProxy section */

/* Begin PBXFileReference section */
		A01234560010 /* GuitarPractice.app */ = {isa = PBXFileReference; explicitFileType = wrapper.application; includeInIndex = 0; path = GuitarPractice.app; sourceTree = BUILT_PRODUCTS_DIR; };
		A01234560011 /* GuitarPracticeApp.swift */ = {isa = PBXFileReference; lastKnownFileType = sourcecode.swift; path = GuitarPracticeApp.swift; sourceTree = "<group>"; };
		A01234560012 /* ContentView.swift */ = {isa = PBXFileReference; lastKnownFileType = sourcecode.swift; path = ContentView.swift; sourceTree = "<group>"; };
		A01234560013 /* Assets.xcassets */ = {isa = PBXFileReference; lastKnownFileType = folder.assetcatalog; path = Assets.xcassets; sourceTree = "<group>"; };
		A01234560014 /* Info.plist */ = {isa = PBXFileReference; lastKnownFileType = text.plist.xml; path = Info.plist; sourceTree = "<group>"; };
		A01234560015 /* Types.swift */ = {isa = PBXFileReference; lastKnownFileType = sourcecode.swift; path = Types.swift; sourceTree = "<group>"; };
		A01234560016 /* AppState.swift */ = {isa = PBXFileReference; lastKnownFileType = sourcecode.swift; path = AppState.swift; sourceTree = "<group>"; };
		A01234560017 /* Config.swift */ = {isa = PBXFileReference; lastKnownFileType = sourcecode.swift; path = Config.swift; sourceTree = "<group>"; };
		A01234560018 /* KeychainService.swift */ = {isa = PBXFileReference; lastKnownFileType = sourcecode.swift; path = KeychainService.swift; sourceTree = "<group>"; };
		A01234560019 /* NotionClient.swift */ = {isa = PBXFileReference; lastKnownFileType = sourcecode.swift; path = NotionClient.swift; sourceTree = "<group>"; };
		A0123456001A /* CachedModels.swift */ = {isa = PBXFileReference; lastKnownFileType = sourcecode.swift; path = CachedModels.swift; sourceTree = "<group>"; };
		A0123456001B /* CacheService.swift */ = {isa = PBXFileReference; lastKnownFileType = sourcecode.swift; path = CacheService.swift; sourceTree = "<group>"; };
		A0123456001C /* StatsService.swift */ = {isa = PBXFileReference; lastKnownFileType = sourcecode.swift; path = StatsService.swift; sourceTree = "<group>"; };
		A0123456001D /* PracticeTimerState.swift */ = {isa = PBXFileReference; lastKnownFileType = sourcecode.swift; path = PracticeTimerState.swift; sourceTree = "<group>"; };
		B01234560011 /* MainContentView.swift */ = {isa = PBXFileReference; lastKnownFileType = sourcecode.swift; path = MainContentView.swift; sourceTree = "<group>"; };
		B01234560012 /* HeaderView.swift */ = {isa = PBXFileReference; lastKnownFileType = sourcecode.swift; path = HeaderView.swift; sourceTree = "<group>"; };
		B01234560014 /* LibrarySidebarView.swift */ = {isa = PBXFileReference; lastKnownFileType = sourcecode.swift; path = LibrarySidebarView.swift; sourceTree = "<group>"; };
		B01234560015 /* FilterBarView.swift */ = {isa = PBXFileReference; lastKnownFileType = sourcecode.swift; path = FilterBarView.swift; sourceTree = "<group>"; };
		B01234560016 /* LibraryListView.swift */ = {isa = PBXFileReference; lastKnownFileType = sourcecode.swift; path = LibraryListView.swift; sourceTree = "<group>"; };
		B01234560017 /* LibraryRowView.swift */ = {isa = PBXFileReference; lastKnownFileType = sourcecode.swift; path = LibraryRowView.swift; sourceTree = "<group>"; };
		B01234560018 /* SessionPanelView.swift */ = {isa = PBXFileReference; lastKnownFileType = sourcecode.swift; path = SessionPanelView.swift; sourceTree = "<group>"; };
		B01234560019 /* CalendarNavigatorView.swift */ = {isa = PBXFileReference; lastKnownFileType = sourcecode.swift; path = CalendarNavigatorView.swift; sourceTree = "<group>"; };
		B0123456001A /* SessionDetailView.swift */ = {isa = PBXFileReference; lastKnownFileType = sourcecode.swift; path = SessionDetailView.swift; sourceTree = "<group>"; };
		B0123456001B /* SessionViewingModeView.swift */ = {isa = PBXFileReference; lastKnownFileType = sourcecode.swift; path = SessionViewingModeView.swift; sourceTree = "<group>"; };
		B0123456001C /* SessionEditingModeView.swift */ = {isa = PBXFileReference; lastKnownFileType = sourcecode.swift; path = SessionEditingModeView.swift; sourceTree = "<group>"; };
		B0123456001D /* PracticeView.swift */ = {isa = PBXFileReference; lastKnownFileType = sourcecode.swift; path = PracticeView.swift; sourceTree = "<group>"; };
		B0123456001E /* StatsDashboardView.swift */ = {isa = PBXFileReference; lastKnownFileType = sourcecode.swift; path = StatsDashboardView.swift; sourceTree = "<group>"; };
		B0123456001F /* SettingsView.swift */ = {isa = PBXFileReference; lastKnownFileType = sourcecode.swift; path = SettingsView.swift; sourceTree = "<group>"; };
		B01234560020 /* APIKeySetupView.swift */ = {isa = PBXFileReference; lastKnownFileType = sourcecode.swift; path = APIKeySetupView.swift; sourceTree = "<group>"; };
		B01234560031 /* FooterView.swift */ = {isa = PBXFileReference; lastKnownFileType = sourcecode.swift; path = FooterView.swift; sourceTree = "<group>"; };
		B01234560032 /* LoadingView.swift */ = {isa = PBXFileReference; lastKnownFileType = sourcecode.swift; path = LoadingView.swift; sourceTree = "<group>"; };
		B01234560033 /* ErrorView.swift */ = {isa = PBXFileReference; lastKnownFileType = sourcecode.swift; path = ErrorView.swift; sourceTree = "<group>"; };
		B01234560034 /* Skeletons.swift */ = {isa = PBXFileReference; lastKnownFileType = sourcecode.swift; path = Skeletons.swift; sourceTree = "<group>"; };
		B01234560035 /* Helpers.swift */ = {isa = PBXFileReference; lastKnownFileType = sourcecode.swift; path = Helpers.swift; sourceTree = "<group>"; };
		C01234560010 /* GuitarPracticeTests.xctest */ = {isa = PBXFileReference; explicitFileType = wrapper.cfbundle; includeInIndex = 0; path = GuitarPracticeTests.xctest; sourceTree = BUILT_PRODUCTS_DIR; };
		C01234560011 /* PerformanceTests.swift */ = {isa = PBXFileReference; lastKnownFileType = sourcecode.swift; path = PerformanceTests.swift; sourceTree = "<group>"; };
		C01234560012 /* TestHelpers.swift */ = {isa = PBXFileReference; lastKnownFileType = sourcecode.swift; path = TestHelpers.swift; sourceTree = "<group>"; };
/* End PBXFileReference section */

/* Begin PBXFrameworksBuildPhase section */
		A01234560020 /* Frameworks */ = {
			isa = PBXFrameworksBuildPhase;
			buildActionMask = 2147483647;
			files = (
			);
			runOnlyForDeploymentPostprocessing = 0;
		};
		C01234560030 /* Frameworks */ = {
			isa = PBXFrameworksBuildPhase;
			buildActionMask = 2147483647;
			files = (
			);
			runOnlyForDeploymentPostprocessing = 0;
		};
/* End PBXFrameworksBuildPhase section */

/* Begin PBXGroup section */
		A01234560030 = {
			isa = PBXGroup;
			children = (
				A01234560031 /* GuitarPractice */,
				C01234560040 /* GuitarPracticeTests */,
				A01234560032 /* Products */,
			);
			sourceTree = "<group>";
		};
		A01234560031 /* GuitarPractice */ = {
			isa = PBXGroup;
			children = (
				A01234560011 /* GuitarPracticeApp.swift */,
				A01234560012 /* ContentView.swift */,
				B01234560040 /* Views */,
				A01234560033 /* Models */,
				A01234560034 /* Services */,
				A01234560013 /* Assets.xcassets */,
				A01234560014 /* Info.plist */,
			);
			path = GuitarPractice;
			sourceTree = "<group>";
		};
		A01234560032 /* Products */ = {
			isa = PBXGroup;
			children = (
				A01234560010 /* GuitarPractice.app */,
				C01234560010 /* GuitarPracticeTests.xctest */,
			);
			name = Products;
			sourceTree = "<group>";
		};
		A01234560033 /* Models */ = {
			isa = PBXGroup;
			children = (
				A01234560015 /* Types.swift */,
				A01234560016 /* AppState.swift */,
				A0123456001D /* PracticeTimerState.swift */,
				A0123456001A /* CachedModels.swift */,
			);
			path = Models;
			sourceTree = "<group>";
		};
		A01234560034 /* Services */ = {
			isa = PBXGroup;
			children = (
				A01234560017 /* Config.swift */,
				A01234560018 /* KeychainService.swift */,
				A01234560019 /* NotionClient.swift */,
				A0123456001B /* CacheService.swift */,
				A0123456001C /* StatsService.swift */,
			);
			path = Services;
			sourceTree = "<group>";
		};
		B01234560040 /* Views */ = {
			isa = PBXGroup;
			children = (
				B01234560011 /* MainContentView.swift */,
				B01234560041 /* Header */,
				B01234560042 /* Library */,
				B01234560043 /* Session */,
				B01234560044 /* Practice */,
				B01234560045 /* Stats */,
				B01234560046 /* Settings */,
				B01234560047 /* Common */,
			);
			path = Views;
			sourceTree = "<group>";
		};
		B01234560041 /* Header */ = {
			isa = PBXGroup;
			children = (
				B01234560012 /* HeaderView.swift */,
			);
			path = Header;
			sourceTree = "<group>";
		};
		B01234560042 /* Library */ = {
			isa = PBXGroup;
			children = (
				B01234560014 /* LibrarySidebarView.swift */,
				B01234560015 /* FilterBarView.swift */,
				B01234560016 /* LibraryListView.swift */,
				B01234560017 /* LibraryRowView.swift */,
			);
			path = Library;
			sourceTree = "<group>";
		};
		B01234560043 /* Session */ = {
			isa = PBXGroup;
			children = (
				B01234560018 /* SessionPanelView.swift */,
				B01234560019 /* CalendarNavigatorView.swift */,
				B0123456001A /* SessionDetailView.swift */,
				B0123456001B /* SessionViewingModeView.swift */,
				B0123456001C /* SessionEditingModeView.swift */,
			);
			path = Session;
			sourceTree = "<group>";
		};
		B01234560044 /* Practice */ = {
			isa = PBXGroup;
			children = (
				B0123456001D /* PracticeView.swift */,
			);
			path = Practice;
			sourceTree = "<group>";
		};
		B01234560045 /* Stats */ = {
			isa = PBXGroup;
			children = (
				B0123456001E /* StatsDashboardView.swift */,
			);
			path = Stats;
			sourceTree = "<group>";
		};
		B01234560046 /* Settings */ = {
			isa = PBXGroup;
			children = (
				B0123456001F /* SettingsView.swift */,
				B01234560020 /* APIKeySetupView.swift */,
			);
			path = Settings;
			sourceTree = "<group>";
		};
		B01234560047 /* Common */ = {
			isa = PBXGroup;
			children = (
				B01234560031 /* FooterView.swift */,
				B01234560032 /* LoadingView.swift */,
				B01234560033 /* ErrorView.swift */,
				B01234560034 /* Skeletons.swift */,
				B01234560035 /* Helpers.swift */,
			);
			path = Common;
			sourceTree = "<group>";
		};
		C01234560040 /* GuitarPracticeTests */ = {
			isa = PBXGroup;
			children = (
				C01234560011 /* PerformanceTests.swift */,
				C01234560012 /* TestHelpers.swift */,
			);
			path = GuitarPracticeTests;
			sourceTree = "<group>";
		};
/* End PBXGroup section */

/* Begin PBXNativeTarget section */
		A01234560040 /* GuitarPractice */ = {
			isa = PBXNativeTarget;
			buildConfigurationList = A01234560050 /* Build configuration list for PBXNativeTarget "GuitarPractice" */;
			buildPhases = (
				A01234560021 /* Sources */,
				A01234560020 /* Frameworks */,
				A01234560022 /* Resources */,
			);
			buildRules = (
			);
			dependencies = (
			);
			name = GuitarPractice;
			productName = GuitarPractice;
			productReference = A01234560010 /* GuitarPractice.app */;
			productType = "com.apple.product-type.application";
		};
		C01234560050 /* GuitarPracticeTests */ = {
			isa = PBXNativeTarget;
			buildConfigurationList = C01234560060 /* Build configuration list for PBXNativeTarget "GuitarPracticeTests" */;
			buildPhases = (
				C01234560031 /* Sources */,
				C01234560030 /* Frameworks */,
			);
			buildRules = (
			);
			dependencies = (
				C01234560021 /* PBXTargetDependency */,
			);
			name = GuitarPracticeTests;
			productName = GuitarPracticeTests;
			productReference = C01234560010 /* GuitarPracticeTests.xctest */;
			productType = "com.apple.product-type.bundle.unit-test";
		};
/* End PBXNativeTarget section */

/* Begin PBXProject section */
		A01234560000 /* Project object */ = {
			isa = PBXProject;
			attributes = {
				BuildIndependentTargetsInParallel = 1;
				LastSwiftUpdateCheck = 1500;
				LastUpgradeCheck = 1500;
				TargetAttributes = {
					A01234560040 = {
						CreatedOnToolsVersion = 15.0;
					};
					C01234560050 = {
						CreatedOnToolsVersion = 15.0;
						TestTargetID = A01234560040;
					};
				};
			};
			buildConfigurationList = A01234560051 /* Build configuration list for PBXProject "GuitarPractice" */;
			compatibilityVersion = "Xcode 14.0";
			developmentRegion = en;
			hasScannedForEncodings = 0;
			knownRegions = (
				en,
				Base,
			);
			mainGroup = A01234560030;
			productRefGroup = A01234560032 /* Products */;
			projectDirPath = "";
			projectRoot = "";
			targets = (
				A01234560040 /* GuitarPractice */,
				C01234560050 /* GuitarPracticeTests */,
			);
		};
/* End PBXProject section */

/* Begin PBXResourcesBuildPhase section */
		A01234560022 /* Resources */ = {
			isa = PBXResourcesBuildPhase;
			buildActionMask = 2147483647;
			files = (
				A01234560003 /* Assets.xcassets in Resources */,
			);
			runOnlyForDeploymentPostprocessing = 0;
		};
/* End PBXResourcesBuildPhase section */

/* Begin PBXSourcesBuildPhase section */
		A01234560021 /* Sources */ = {
			isa = PBXSourcesBuildPhase;
			buildActionMask = 2147483647;
			files = (
				A01234560001 /* GuitarPracticeApp.swift in Sources */,
				A01234560002 /* ContentView.swift in Sources */,
				A01234560004 /* Types.swift in Sources */,
				A01234560005 /* AppState.swift in Sources */,
				A01234560006 /* Config.swift in Sources */,
				A01234560007 /* KeychainService.swift in Sources */,
				A01234560008 /* NotionClient.swift in Sources */,
				A01234560009 /* CachedModels.swift in Sources */,
				A0123456000A /* CacheService.swift in Sources */,
				A0123456000B /* StatsService.swift in Sources */,
				A0123456000C /* PracticeTimerState.swift in Sources */,
				B01234560001 /* MainContentView.swift in Sources */,
				B01234560002 /* HeaderView.swift in Sources */,
				B01234560004 /* LibrarySidebarView.swift in Sources */,
				B01234560005 /* FilterBarView.swift in Sources */,
				B01234560006 /* LibraryListView.swift in Sources */,
				B01234560007 /* LibraryRowView.swift in Sources */,
				B01234560008 /* SessionPanelView.swift in Sources */,
				B01234560009 /* CalendarNavigatorView.swift in Sources */,
				B0123456000A /* SessionDetailView.swift in Sources */,
				B0123456000B /* SessionViewingModeView.swift in Sources */,
				B0123456000C /* SessionEditingModeView.swift in Sources */,
				B0123456000D /* PracticeView.swift in Sources */,
				B0123456000E /* StatsDashboardView.swift in Sources */,
				B0123456000F /* SettingsView.swift in Sources */,
				B01234560010 /* APIKeySetupView.swift in Sources */,
				B01234560021 /* FooterView.swift in Sources */,
				B01234560022 /* LoadingView.swift in Sources */,
				B01234560023 /* ErrorView.swift in Sources */,
				B01234560024 /* Skeletons.swift in Sources */,
				B01234560025 /* Helpers.swift in Sources */,
			);
			runOnlyForDeploymentPostprocessing = 0;
		};
		C01234560031 /* Sources */ = {
			isa = PBXSourcesBuildPhase;
			buildActionMask = 2147483647;
			files = (
				C01234560001 /* PerformanceTests.swift in Sources */,
				C01234560002 /* TestHelpers.swift in Sources */,
			);
			runOnlyForDeploymentPostprocessing = 0;
		};
/* End PBXSourcesBuildPhase section */

/* Begin PBXTargetDependency section */
		C01234560021 /* PBXTargetDependency */ = {
			isa = PBXTargetDependency;
			target = A01234560040 /* GuitarPractice */;
			targetProxy = C01234560020 /* PBXContainerItemProxy */;
		};
/* End PBXTargetDependency section */

/* Begin XCBuildConfiguration section */
		A01234560060 /* Debug */ = {
			isa = XCBuildConfiguration;
			buildSettings = {
				ALWAYS_SEARCH_USER_PATHS = NO;
				ASSETCATALOG_COMPILER_GENERATE_SWIFT_ASSET_SYMBOL_EXTENSIONS = YES;
				CLANG_ANALYZER_NONNULL = YES;
				CLANG_ANALYZER_NUMBER_OBJECT_CONVERSION = YES_AGGRESSIVE;
				CLANG_CXX_LANGUAGE_STANDARD = "gnu++20";
				CLANG_ENABLE_MODULES = YES;
				CLANG_ENABLE_OBJC_ARC = YES;
				CLANG_ENABLE_OBJC_WEAK = YES;
				CLANG_WARN_BLOCK_CAPTURE_AUTORELEASING = YES;
				CLANG_WARN_BOOL_CONVERSION = YES;
				CLANG_WARN_COMMA = YES;
				CLANG_WARN_CONSTANT_CONVERSION = YES;
				CLANG_WARN_DEPRECATED_OBJC_IMPLEMENTATIONS = YES;
				CLANG_WARN_DIRECT_OBJC_ISA_USAGE = YES_ERROR;
				CLANG_WARN_DOCUMENTATION_COMMENTS = YES;
				CLANG_WARN_EMPTY_BODY = YES;
				CLANG_WARN_ENUM_CONVERSION = YES;
				CLANG_WARN_INFINITE_RECURSION = YES;
				CLANG_WARN_INT_CONVERSION = YES;
				CLANG_WARN_NON_LITERAL_NULL_CONVERSION = YES;
				CLANG_WARN_OBJC_IMPLICIT_RETAIN_SELF = YES;
				CLANG_WARN_OBJC_LITERAL_CONVERSION = YES;
				CLANG_WARN_OBJC_ROOT_CLASS = YES_ERROR;
				CLANG_WARN_QUOTED_INCLUDE_IN_FRAMEWORK_HEADER = YES;
				CLANG_WARN_RANGE_LOOP_ANALYSIS = YES;
				CLANG_WARN_STRICT_PROTOTYPES = YES;
				CLANG_WARN_SUSPICIOUS_MOVE = YES;
				CLANG_WARN_UNGUARDED_AVAILABILITY = YES_AGGRESSIVE;
				CLANG_WARN_UNREACHABLE_CODE = YES;
				CLANG_WARN__DUPLICATE_METHOD_MATCH = YES;
				COPY_PHASE_STRIP = NO;
				DEBUG_INFORMATION_FORMAT = dwarf;
				ENABLE_STRICT_OBJC_MSGSEND = YES;
				ENABLE_TESTABILITY = YES;
				ENABLE_USER_SCRIPT_SANDBOXING = YES;
				GCC_C_LANGUAGE_STANDARD = gnu17;
				GCC_DYNAMIC_NO_PIC = NO;
				GCC_NO_COMMON_BLOCKS = YES;
				GCC_OPTIMIZATION_LEVEL = 0;
				GCC_PREPROCESSOR_DEFINITIONS = (
					"DEBUG=1",
					"$(inherited)",
				);
				GCC_WARN_64_TO_32_BIT_CONVERSION = YES;
				GCC_WARN_ABOUT_RETURN_TYPE = YES_ERROR;
				GCC_WARN_UNDECLARED_SELECTOR = YES;
				GCC_WARN_UNINITIALIZED_AUTOS = YES_AGGRESSIVE;
				GCC_WARN_UNUSED_FUNCTION = YES;
				GCC_WARN_UNUSED_VARIABLE = YES;
				LOCALIZATION_PREFERS_STRING_CATALOGS = YES;
				MACOSX_DEPLOYMENT_TARGET = 14.0;
				MTL_ENABLE_DEBUG_INFO = INCLUDE_SOURCE;
				MTL_FAST_MATH = YES;
				ONLY_ACTIVE_ARCH = YES;
				SDKROOT = macosx;
				SWIFT_ACTIVE_COMPILATION_CONDITIONS = "DEBUG $(inherited)";
				SWIFT_OPTIMIZATION_LEVEL = "-Onone";
			};
			name = Debug;
		};
		A01234560061 /* Release */ = {
			isa = XCBuildConfiguration;
			buildSettings = {
				ALWAYS_SEARCH_USER_PATHS = NO;
				ASSETCATALOG_COMPILER_GENERATE_SWIFT_ASSET_SYMBOL_EXTENSIONS = YES;
				CLANG_ANALYZER_NONNULL = YES;
				CLANG_ANALYZER_NUMBER_OBJECT_CONVERSION = YES_AGGRESSIVE;
				CLANG_CXX_LANGUAGE_STANDARD = "gnu++20";
				CLANG_ENABLE_MODULES = YES;
				CLANG_ENABLE_OBJC_ARC = YES;
				CLANG_ENABLE_OBJC_WEAK = YES;
				CLANG_WARN_BLOCK_CAPTURE_AUTORELEASING = YES;
				CLANG_WARN_BOOL_CONVERSION = YES;
				CLANG_WARN_COMMA = YES;
				CLANG_WARN_CONSTANT_CONVERSION = YES;
				CLANG_WARN_DEPRECATED_OBJC_IMPLEMENTATIONS = YES;
				CLANG_WARN_DIRECT_OBJC_ISA_USAGE = YES_ERROR;
				CLANG_WARN_DOCUMENTATION_COMMENTS = YES;
				CLANG_WARN_EMPTY_BODY = YES;
				CLANG_WARN_ENUM_CONVERSION = YES;
				CLANG_WARN_INFINITE_RECURSION = YES;
				CLANG_WARN_INT_CONVERSION = YES;
				CLANG_WARN_NON_LITERAL_NULL_CONVERSION = YES;
				CLANG_WARN_OBJC_IMPLICIT_RETAIN_SELF = YES;
				CLANG_WARN_OBJC_LITERAL_CONVERSION = YES;
				CLANG_WARN_OBJC_ROOT_CLASS = YES_ERROR;
				CLANG_WARN_QUOTED_INCLUDE_IN_FRAMEWORK_HEADER = YES;
				CLANG_WARN_RANGE_LOOP_ANALYSIS = YES;
				CLANG_WARN_STRICT_PROTOTYPES = YES;
				CLANG_WARN_SUSPICIOUS_MOVE = YES;
				CLANG_WARN_UNGUARDED_AVAILABILITY = YES_AGGRESSIVE;
				CLANG_WARN_UNREACHABLE_CODE = YES;
				CLANG_WARN__DUPLICATE_METHOD_MATCH = YES;
				COPY_PHASE_STRIP = NO;
				DEBUG_INFORMATION_FORMAT = "dwarf-with-dsym";
				ENABLE_NS_ASSERTIONS = NO;
				ENABLE_STRICT_OBJC_MSGSEND = YES;
				ENABLE_USER_SCRIPT_SANDBOXING = YES;
				GCC_C_LANGUAGE_STANDARD = gnu17;
				GCC_NO_COMMON_BLOCKS = YES;
				GCC_WARN_64_TO_32_BIT_CONVERSION = YES;
				GCC_WARN_ABOUT_RETURN_TYPE = YES_ERROR;
				GCC_WARN_UNDECLARED_SELECTOR = YES;
				GCC_WARN_UNINITIALIZED_AUTOS = YES_AGGRESSIVE;
				GCC_WARN_UNUSED_FUNCTION = YES;
				GCC_WARN_UNUSED_VARIABLE = YES;
				LOCALIZATION_PREFERS_STRING_CATALOGS = YES;
				MACOSX_DEPLOYMENT_TARGET = 14.0;
				MTL_ENABLE_DEBUG_INFO = NO;
				MTL_FAST_MATH = YES;
				SDKROOT = macosx;
				SWIFT_COMPILATION_MODE = wholemodule;
			};
			name = Release;
		};
		A01234560062 /* Debug */ = {
			isa = XCBuildConfiguration;
			buildSettings = {
				ASSETCATALOG_COMPILER_APPICON_NAME = AppIcon;
				ASSETCATALOG_COMPILER_GLOBAL_ACCENT_COLOR_NAME = AccentColor;
				CODE_SIGN_ENTITLEMENTS = "";
				CODE_SIGN_IDENTITY = "-";
				CODE_SIGN_STYLE = Manual;
				COMBINE_HIDPI_IMAGES = YES;
				CURRENT_PROJECT_VERSION = 1;
				DEVELOPMENT_ASSET_PATHS = "";
				ENABLE_HARDENED_RUNTIME = NO;
				ENABLE_PREVIEWS = YES;
				GENERATE_INFOPLIST_FILE = YES;
				INFOPLIST_FILE = GuitarPractice/Info.plist;
				INFOPLIST_KEY_LSApplicationCategoryType = "public.app-category.music";
				INFOPLIST_KEY_NSHumanReadableCopyright = "";
				LD_RUNPATH_SEARCH_PATHS = (
					"$(inherited)",
					"@executable_path/../Frameworks",
				);
				MARKETING_VERSION = 1.0;
				PRODUCT_BUNDLE_IDENTIFIER = com.sohara.GuitarPractice;
				PRODUCT_NAME = "$(TARGET_NAME)";
				SWIFT_EMIT_LOC_STRINGS = YES;
				SWIFT_VERSION = 5.0;
			};
			name = Debug;
		};
		A01234560063 /* Release */ = {
			isa = XCBuildConfiguration;
			buildSettings = {
				ASSETCATALOG_COMPILER_APPICON_NAME = AppIcon;
				ASSETCATALOG_COMPILER_GLOBAL_ACCENT_COLOR_NAME = AccentColor;
				CODE_SIGN_ENTITLEMENTS = "";
				CODE_SIGN_STYLE = Automatic;
				COMBINE_HIDPI_IMAGES = YES;
				CURRENT_PROJECT_VERSION = 1;
				DEVELOPMENT_ASSET_PATHS = "";
				ENABLE_HARDENED_RUNTIME = YES;
				ENABLE_PREVIEWS = YES;
				GENERATE_INFOPLIST_FILE = YES;
				INFOPLIST_FILE = GuitarPractice/Info.plist;
				INFOPLIST_KEY_LSApplicationCategoryType = "public.app-category.music";
				INFOPLIST_KEY_NSHumanReadableCopyright = "";
				LD_RUNPATH_SEARCH_PATHS = (
					"$(inherited)",
					"@executable_path/../Frameworks",
				);
				MARKETING_VERSION = 1.0;
				PRODUCT_BUNDLE_IDENTIFIER = com.sohara.GuitarPractice;
				PRODUCT_NAME = "$(TARGET_NAME)";
				SWIFT_EMIT_LOC_STRINGS = YES;
				SWIFT_VERSION = 5.0;
			};
			name = Release;
		};
		C01234560062 /* Debug */ = {
			isa = XCBuildConfiguration;
			buildSettings = {
				BUNDLE_LOADER = "$(TEST_HOST)";
				CODE_SIGN_IDENTITY = "-";
				CODE_SIGN_STYLE = Manual;
				CURRENT_PROJECT_VERSION = 1;
				GENERATE_INFOPLIST_FILE = YES;
				MARKETING_VERSION = 1.0;
				PRODUCT_BUNDLE_IDENTIFIER = com.sohara.GuitarPracticeTests;
				PRODUCT_NAME = "$(TARGET_NAME)";
				SWIFT_EMIT_LOC_STRINGS = NO;
				SWIFT_VERSION = 5.0;
				TEST_HOST = "$(BUILT_PRODUCTS_DIR)/GuitarPractice.app/Contents/MacOS/GuitarPractice";
			};
			name = Debug;
		};
		C01234560063 /* Release */ = {
			isa = XCBuildConfiguration;
			buildSettings = {
				BUNDLE_LOADER = "$(TEST_HOST)";
				CODE_SIGN_IDENTITY = "-";
				CODE_SIGN_STYLE = Manual;
				CURRENT_PROJECT_VERSION = 1;
				GENERATE_INFOPLIST_FILE = YES;
				MARKETING_VERSION = 1.0;
				PRODUCT_BUNDLE_IDENTIFIER = com.sohara.GuitarPracticeTests;
				PRODUCT_NAME = "$(TARGET_NAME)";
				SWIFT_EMIT_LOC_STRINGS = NO;
				SWIFT_VERSION = 5.0;
				TEST_HOST = "$(BUILT_PRODUCTS_DIR)/GuitarPractice.app/Contents/MacOS/GuitarPractice";
			};
			name = Release;
		};
/* End XCBuildConfiguration section */

/* Begin XCConfigurationList section */
		A01234560050 /* Build configuration list for PBXNativeTarget "GuitarPractice" */ = {
			isa = XCConfigurationList;
			buildConfigurations = (
				A01234560062 /* Debug */,
				A01234560063 /* Release */,
			);
			defaultConfigurationIsVisible = 0;
			defaultConfigurationName = Release;
		};
		A01234560051 /* Build configuration list for PBXProject "GuitarPractice" */ = {
			isa = XCConfigurationList;
			buildConfigurations = (
				A01234560060 /* Debug */,
				A01234560061 /* Release */,
			);
			defaultConfigurationIsVisible = 0;
			defaultConfigurationName = Release;
		};
		C01234560060 /* Build configuration list for PBXNativeTarget "GuitarPracticeTests" */ = {
			isa = XCConfigurationList;
			buildConfigurations = (
				C01234560062 /* Debug */,
				C01234560063 /* Release */,
			);
			defaultConfigurationIsVisible = 0;
			defaultConfigurationName = Release;
		};
/* End XCConfigurationList section */
	};
	rootObject = A01234560000 /* Project object */;
}
